
Microsoft Visual Studio Solution File, Format Version 12.00
# Visual Studio Version 17
VisualStudioVersion = 17.8.34511.84
MinimumVisualStudioVersion = 10.0.40219.1
Project("{2150E333-8FDC-42A3-9474-1A3956D46DE8}") = "Services", "Services", "{43ACDBE7-095E-42C7-9735-8956AE159D9C}"
EndProject
Project("{9A19103F-16F7-4668-BE54-9A1E7A4F7556}") = "UserAPI", "UserAPI\UserAPI.csproj", "{D6BA795D-AA63-4E53-9580-60CD54BE4D6C}"
EndProject
Project("{E53339B2-1760-4266-BCC7-CA923CBCF16C}") = "docker-compose", "docker-compose.dcproj", "{6CB0CA40-EC13-4E61-8961-014D6EF62475}"
EndProject
Project("{9A19103F-16F7-4668-BE54-9A1E7A4F7556}") = "ProductAPI", "ProductAPI\ProductAPI.csproj", "{6367996D-380F-4A3E-AA2C-E386D67A714E}"
EndProject
Project("{2150E333-8FDC-42A3-9474-1A3956D46DE8}") = "ApiGateway", "ApiGateway", "{B12048F1-1D2E-42FA-8482-F7743A01574D}"
EndProject
Project("{9A19103F-16F7-4668-BE54-9A1E7A4F7556}") = "OrderAPI", "OrderAPI\OrderAPI.csproj", "{4ABD23FE-6881-48D8-9250-C123EDDD7D2F}"
EndProject
Project("{9A19103F-16F7-4668-BE54-9A1E7A4F7556}") = "ApiGateway", "ApiGateway\ApiGateway.csproj", "{57E72D2F-B0ED-4BEE-B67B-34081B9F9322}"
EndProject
Project("{9A19103F-16F7-4668-BE54-9A1E7A4F7556}") = "ProductDetailsAPI", "ProductDetailsAPI\ProductDetailsAPI.csproj", "{94F64C5F-D7CC-4318-BA98-9C6F9485619B}"
EndProject
Project("{9A19103F-16F7-4668-BE54-9A1E7A4F7556}") = "InventoryAPI", "InventoryAPI\InventoryAPI.csproj", "{D359A250-9B92-4DC8-88CD-1ADB8C04BF68}"
EndProject
Project("{9A19103F-16F7-4668-BE54-9A1E7A4F7556}") = "CartAPI", "CartAPI\CartAPI.csproj", "{98B426F9-37E9-4DF5-9BD1-26F700193E89}"
EndProject
Global
	GlobalSection(SolutionConfigurationPlatforms) = preSolution
		Debug|Any CPU = Debug|Any CPU
		Release|Any CPU = Release|Any CPU
	EndGlobalSection
	GlobalSection(ProjectConfigurationPlatforms) = postSolution
		{D6BA795D-AA63-4E53-9580-60CD54BE4D6C}.Debug|Any CPU.ActiveCfg = Debug|Any CPU
		{D6BA795D-AA63-4E53-9580-60CD54BE4D6C}.Debug|Any CPU.Build.0 = Debug|Any CPU
		{D6BA795D-AA63-4E53-9580-60CD54BE4D6C}.Release|Any CPU.ActiveCfg = Release|Any CPU
		{D6BA795D-AA63-4E53-9580-60CD54BE4D6C}.Release|Any CPU.Build.0 = Release|Any CPU
		{6CB0CA40-EC13-4E61-8961-014D6EF62475}.Debug|Any CPU.ActiveCfg = Debug|Any CPU
		{6CB0CA40-EC13-4E61-8961-014D6EF62475}.Debug|Any CPU.Build.0 = Debug|Any CPU
		{6CB0CA40-EC13-4E61-8961-014D6EF62475}.Release|Any CPU.ActiveCfg = Release|Any CPU
		{6CB0CA40-EC13-4E61-8961-014D6EF62475}.Release|Any CPU.Build.0 = Release|Any CPU
		{6367996D-380F-4A3E-AA2C-E386D67A714E}.Debug|Any CPU.ActiveCfg = Debug|Any CPU
		{6367996D-380F-4A3E-AA2C-E386D67A714E}.Debug|Any CPU.Build.0 = Debug|Any CPU
		{6367996D-380F-4A3E-AA2C-E386D67A714E}.Release|Any CPU.ActiveCfg = Release|Any CPU
		{6367996D-380F-4A3E-AA2C-E386D67A714E}.Release|Any CPU.Build.0 = Release|Any CPU
		{4ABD23FE-6881-48D8-9250-C123EDDD7D2F}.Debug|Any CPU.ActiveCfg = Debug|Any CPU
		{4ABD23FE-6881-48D8-9250-C123EDDD7D2F}.Debug|Any CPU.Build.0 = Debug|Any CPU
		{4ABD23FE-6881-48D8-9250-C123EDDD7D2F}.Release|Any CPU.ActiveCfg = Release|Any CPU
		{4ABD23FE-6881-48D8-9250-C123EDDD7D2F}.Release|Any CPU.Build.0 = Release|Any CPU
		{57E72D2F-B0ED-4BEE-B67B-34081B9F9322}.Debug|Any CPU.ActiveCfg = Debug|Any CPU
		{57E72D2F-B0ED-4BEE-B67B-34081B9F9322}.Debug|Any CPU.Build.0 = Debug|Any CPU
		{57E72D2F-B0ED-4BEE-B67B-34081B9F9322}.Release|Any CPU.ActiveCfg = Release|Any CPU
		{57E72D2F-B0ED-4BEE-B67B-34081B9F9322}.Release|Any CPU.Build.0 = Release|Any CPU
		{94F64C5F-D7CC-4318-BA98-9C6F9485619B}.Debug|Any CPU.ActiveCfg = Debug|Any CPU
		{94F64C5F-D7CC-4318-BA98-9C6F9485619B}.Debug|Any CPU.Build.0 = Debug|Any CPU
		{94F64C5F-D7CC-4318-BA98-9C6F9485619B}.Release|Any CPU.ActiveCfg = Release|Any CPU
		{94F64C5F-D7CC-4318-BA98-9C6F9485619B}.Release|Any CPU.Build.0 = Release|Any CPU
		{D359A250-9B92-4DC8-88CD-1ADB8C04BF68}.Debug|Any CPU.ActiveCfg = Debug|Any CPU
		{D359A250-9B92-4DC8-88CD-1ADB8C04BF68}.Debug|Any CPU.Build.0 = Debug|Any CPU
		{D359A250-9B92-4DC8-88CD-1ADB8C04BF68}.Release|Any CPU.ActiveCfg = Release|Any CPU
		{D359A250-9B92-4DC8-88CD-1ADB8C04BF68}.Release|Any CPU.Build.0 = Release|Any CPU
		{98B426F9-37E9-4DF5-9BD1-26F700193E89}.Debug|Any CPU.ActiveCfg = Debug|Any CPU
		{98B426F9-37E9-4DF5-9BD1-26F700193E89}.Debug|Any CPU.Build.0 = Debug|Any CPU
		{98B426F9-37E9-4DF5-9BD1-26F700193E89}.Release|Any CPU.ActiveCfg = Release|Any CPU
		{98B426F9-37E9-4DF5-9BD1-26F700193E89}.Release|Any CPU.Build.0 = Release|Any CPU
	EndGlobalSection
	GlobalSection(SolutionProperties) = preSolution
		HideSolutionNode = FALSE
	EndGlobalSection
	GlobalSection(NestedProjects) = preSolution
		{D6BA795D-AA63-4E53-9580-60CD54BE4D6C} = {43ACDBE7-095E-42C7-9735-8956AE159D9C}
		{6367996D-380F-4A3E-AA2C-E386D67A714E} = {43ACDBE7-095E-42C7-9735-8956AE159D9C}
		{4ABD23FE-6881-48D8-9250-C123EDDD7D2F} = {43ACDBE7-095E-42C7-9735-8956AE159D9C}
		{57E72D2F-B0ED-4BEE-B67B-34081B9F9322} = {B12048F1-1D2E-42FA-8482-F7743A01574D}
		{94F64C5F-D7CC-4318-BA98-9C6F9485619B} = {43ACDBE7-095E-42C7-9735-8956AE159D9C}
		{D359A250-9B92-4DC8-88CD-1ADB8C04BF68} = {43ACDBE7-095E-42C7-9735-8956AE159D9C}
		{98B426F9-37E9-4DF5-9BD1-26F700193E89} = {43ACDBE7-095E-42C7-9735-8956AE159D9C}
	EndGlobalSection
	GlobalSection(ExtensibilityGlobals) = postSolution
		SolutionGuid = {700F3E75-9292-4779-B782-C64B0EC58180}
	EndGlobalSection
EndGlobal
